
Microsoft Visual Studio Solution File, Format Version 12.00
# Visual Studio Version 16
VisualStudioVersion = 16.0.29613.14
MinimumVisualStudioVersion = 10.0.40219.1
Project("{FAE04EC0-301F-11D3-BF4B-00C04F79EFBC}") = "VeloNSK.UWP", "VeloNSK\VeloNSK.UWP\VeloNSK.UWP.csproj", "{4DE85529-BEC6-4ED1-8DFC-0E556F8BF4BA}"
EndProject
Project("{FAE04EC0-301F-11D3-BF4B-00C04F79EFBC}") = "VeloNSK.Android", "VeloNSK\VeloNSK.Android\VeloNSK.Android.csproj", "{3234347C-ABA1-4138-BEA7-44B063E9A57F}"
EndProject
Project("{FAE04EC0-301F-11D3-BF4B-00C04F79EFBC}") = "VeloNSK.iOS", "VeloNSK\VeloNSK.iOS\VeloNSK.iOS.csproj", "{FE626319-1606-4A7B-878C-165BDEB08FC5}"
EndProject
Project("{FAE04EC0-301F-11D3-BF4B-00C04F79EFBC}") = "VeloNSK", "VeloNSK\VeloNSK\VeloNSK.csproj", "{D337913B-267A-4912-84CB-2EFA9A2643D9}"
EndProject
Global
	GlobalSection(SolutionConfigurationPlatforms) = preSolution
		Debug|Any CPU = Debug|Any CPU
		Debug|ARM = Debug|ARM
		Debug|iPhone = Debug|iPhone
		Debug|iPhoneSimulator = Debug|iPhoneSimulator
		Debug|x64 = Debug|x64
		Debug|x86 = Debug|x86
		Release|Any CPU = Release|Any CPU
		Release|ARM = Release|ARM
		Release|iPhone = Release|iPhone
		Release|iPhoneSimulator = Release|iPhoneSimulator
		Release|x64 = Release|x64
		Release|x86 = Release|x86
	EndGlobalSection
	GlobalSection(ProjectConfigurationPlatforms) = postSolution
		{4DE85529-BEC6-4ED1-8DFC-0E556F8BF4BA}.Debug|Any CPU.ActiveCfg = Debug|x86
		{4DE85529-BEC6-4ED1-8DFC-0E556F8BF4BA}.Debug|Any CPU.Build.0 = Debug|x86
		{4DE85529-BEC6-4ED1-8DFC-0E556F8BF4BA}.Debug|Any CPU.Deploy.0 = Debug|x86
		{4DE85529-BEC6-4ED1-8DFC-0E556F8BF4BA}.Debug|ARM.ActiveCfg = Debug|ARM
		{4DE85529-BEC6-4ED1-8DFC-0E556F8BF4BA}.Debug|ARM.Build.0 = Debug|ARM
		{4DE85529-BEC6-4ED1-8DFC-0E556F8BF4BA}.Debug|ARM.Deploy.0 = Debug|ARM
		{4DE85529-BEC6-4ED1-8DFC-0E556F8BF4BA}.Debug|iPhone.ActiveCfg = Debug|x86
		{4DE85529-BEC6-4ED1-8DFC-0E556F8BF4BA}.Debug|iPhone.Build.0 = Debug|x86
		{4DE85529-BEC6-4ED1-8DFC-0E556F8BF4BA}.Debug|iPhone.Deploy.0 = Debug|x86
		{4DE85529-BEC6-4ED1-8DFC-0E556F8BF4BA}.Debug|iPhoneSimulator.ActiveCfg = Debug|x86
		{4DE85529-BEC6-4ED1-8DFC-0E556F8BF4BA}.Debug|iPhoneSimulator.Build.0 = Debug|x86
		{4DE85529-BEC6-4ED1-8DFC-0E556F8BF4BA}.Debug|iPhoneSimulator.Deploy.0 = Debug|x86
		{4DE85529-BEC6-4ED1-8DFC-0E556F8BF4BA}.Debug|x64.ActiveCfg = Debug|x64
		{4DE85529-BEC6-4ED1-8DFC-0E556F8BF4BA}.Debug|x64.Build.0 = Debug|x64
		{4DE85529-BEC6-4ED1-8DFC-0E556F8BF4BA}.Debug|x64.Deploy.0 = Debug|x64
		{4DE85529-BEC6-4ED1-8DFC-0E556F8BF4BA}.Debug|x86.ActiveCfg = Debug|x86
		{4DE85529-BEC6-4ED1-8DFC-0E556F8BF4BA}.Debug|x86.Build.0 = Debug|x86
		{4DE85529-BEC6-4ED1-8DFC-0E556F8BF4BA}.Debug|x86.Deploy.0 = Debug|x86
		{4DE85529-BEC6-4ED1-8DFC-0E556F8BF4BA}.Release|Any CPU.ActiveCfg = Release|x86
		{4DE85529-BEC6-4ED1-8DFC-0E556F8BF4BA}.Release|Any CPU.Build.0 = Release|x86
		{4DE85529-BEC6-4ED1-8DFC-0E556F8BF4BA}.Release|Any CPU.Deploy.0 = Release|x86
		{4DE85529-BEC6-4ED1-8DFC-0E556F8BF4BA}.Release|ARM.ActiveCfg = Release|ARM
		{4DE85529-BEC6-4ED1-8DFC-0E556F8BF4BA}.Release|ARM.Build.0 = Release|ARM
		{4DE85529-BEC6-4ED1-8DFC-0E556F8BF4BA}.Release|ARM.Deploy.0 = Release|ARM
		{4DE85529-BEC6-4ED1-8DFC-0E556F8BF4BA}.Release|iPhone.ActiveCfg = Release|x86
		{4DE85529-BEC6-4ED1-8DFC-0E556F8BF4BA}.Release|iPhone.Build.0 = Release|x86
		{4DE85529-BEC6-4ED1-8DFC-0E556F8BF4BA}.Release|iPhone.Deploy.0 = Release|x86
		{4DE85529-BEC6-4ED1-8DFC-0E556F8BF4BA}.Release|iPhoneSimulator.ActiveCfg = Release|x86
		{4DE85529-BEC6-4ED1-8DFC-0E556F8BF4BA}.Release|iPhoneSimulator.Build.0 = Release|x86
		{4DE85529-BEC6-4ED1-8DFC-0E556F8BF4BA}.Release|iPhoneSimulator.Deploy.0 = Release|x86
		{4DE85529-BEC6-4ED1-8DFC-0E556F8BF4BA}.Release|x64.ActiveCfg = Release|x64
		{4DE85529-BEC6-4ED1-8DFC-0E556F8BF4BA}.Release|x64.Build.0 = Release|x64
		{4DE85529-BEC6-4ED1-8DFC-0E556F8BF4BA}.Release|x64.Deploy.0 = Release|x64
		{4DE85529-BEC6-4ED1-8DFC-0E556F8BF4BA}.Release|x86.ActiveCfg = Release|x86
		{4DE85529-BEC6-4ED1-8DFC-0E556F8BF4BA}.Release|x86.Build.0 = Release|x86
		{4DE85529-BEC6-4ED1-8DFC-0E556F8BF4BA}.Release|x86.Deploy.0 = Release|x86
		{3234347C-ABA1-4138-BEA7-44B063E9A57F}.Debug|Any CPU.ActiveCfg = Debug|Any CPU
		{3234347C-ABA1-4138-BEA7-44B063E9A57F}.Debug|Any CPU.Build.0 = Debug|Any CPU
		{3234347C-ABA1-4138-BEA7-44B063E9A57F}.Debug|Any CPU.Deploy.0 = Debug|Any CPU
		{3234347C-ABA1-4138-BEA7-44B063E9A57F}.Debug|ARM.ActiveCfg = Debug|Any CPU
		{3234347C-ABA1-4138-BEA7-44B063E9A57F}.Debug|ARM.Build.0 = Debug|Any CPU
		{3234347C-ABA1-4138-BEA7-44B063E9A57F}.Debug|ARM.Deploy.0 = Debug|Any CPU
		{3234347C-ABA1-4138-BEA7-44B063E9A57F}.Debug|iPhone.ActiveCfg = Debug|Any CPU
		{3234347C-ABA1-4138-BEA7-44B063E9A57F}.Debug|iPhone.Build.0 = Debug|Any CPU
		{3234347C-ABA1-4138-BEA7-44B063E9A57F}.Debug|iPhone.Deploy.0 = Debug|Any CPU
		{3234347C-ABA1-4138-BEA7-44B063E9A57F}.Debug|iPhoneSimulator.ActiveCfg = Debug|Any CPU
		{3234347C-ABA1-4138-BEA7-44B063E9A57F}.Debug|iPhoneSimulator.Build.0 = Debug|Any CPU
		{3234347C-ABA1-4138-BEA7-44B063E9A57F}.Debug|iPhoneSimulator.Deploy.0 = Debug|Any CPU
		{3234347C-ABA1-4138-BEA7-44B063E9A57F}.Debug|x64.ActiveCfg = Debug|Any CPU
		{3234347C-ABA1-4138-BEA7-44B063E9A57F}.Debug|x64.Build.0 = Debug|Any CPU
		{3234347C-ABA1-4138-BEA7-44B063E9A57F}.Debug|x64.Deploy.0 = Debug|Any CPU
		{3234347C-ABA1-4138-BEA7-44B063E9A57F}.Debug|x86.ActiveCfg = Debug|Any CPU
		{3234347C-ABA1-4138-BEA7-44B063E9A57F}.Debug|x86.Build.0 = Debug|Any CPU
		{3234347C-ABA1-4138-BEA7-44B063E9A57F}.Debug|x86.Deploy.0 = Debug|Any CPU
		{3234347C-ABA1-4138-BEA7-44B063E9A57F}.Release|Any CPU.ActiveCfg = Release|Any CPU
		{3234347C-ABA1-4138-BEA7-44B063E9A57F}.Release|Any CPU.Build.0 = Release|Any CPU
		{3234347C-ABA1-4138-BEA7-44B063E9A57F}.Release|Any CPU.Deploy.0 = Release|Any CPU
		{3234347C-ABA1-4138-BEA7-44B063E9A57F}.Release|ARM.ActiveCfg = Release|Any CPU
		{3234347C-ABA1-4138-BEA7-44B063E9A57F}.Release|ARM.Build.0 = Release|Any CPU
		{3234347C-ABA1-4138-BEA7-44B063E9A57F}.Release|ARM.Deploy.0 = Release|Any CPU
		{3234347C-ABA1-4138-BEA7-44B063E9A57F}.Release|iPhone.ActiveCfg = Release|Any CPU
		{3234347C-ABA1-4138-BEA7-44B063E9A57F}.Release|iPhone.Build.0 = Release|Any CPU
		{3234347C-ABA1-4138-BEA7-44B063E9A57F}.Release|iPhone.Deploy.0 = Release|Any CPU
		{3234347C-ABA1-4138-BEA7-44B063E9A57F}.Release|iPhoneSimulator.ActiveCfg = Release|Any CPU
		{3234347C-ABA1-4138-BEA7-44B063E9A57F}.Release|iPhoneSimulator.Build.0 = Release|Any CPU
		{3234347C-ABA1-4138-BEA7-44B063E9A57F}.Release|iPhoneSimulator.Deploy.0 = Release|Any CPU
		{3234347C-ABA1-4138-BEA7-44B063E9A57F}.Release|x64.ActiveCfg = Release|Any CPU
		{3234347C-ABA1-4138-BEA7-44B063E9A57F}.Release|x64.Build.0 = Release|Any CPU
		{3234347C-ABA1-4138-BEA7-44B063E9A57F}.Release|x64.Deploy.0 = Release|Any CPU
		{3234347C-ABA1-4138-BEA7-44B063E9A57F}.Release|x86.ActiveCfg = Release|Any CPU
		{3234347C-ABA1-4138-BEA7-44B063E9A57F}.Release|x86.Build.0 = Release|Any CPU
		{3234347C-ABA1-4138-BEA7-44B063E9A57F}.Release|x86.Deploy.0 = Release|Any CPU
		{FE626319-1606-4A7B-878C-165BDEB08FC5}.Debug|Any CPU.ActiveCfg = Debug|iPhone
		{FE626319-1606-4A7B-878C-165BDEB08FC5}.Debug|Any CPU.Build.0 = Debug|iPhone
		{FE626319-1606-4A7B-878C-165BDEB08FC5}.Debug|Any CPU.Deploy.0 = Debug|iPhone
		{FE626319-1606-4A7B-878C-165BDEB08FC5}.Debug|ARM.ActiveCfg = Debug|iPhoneSimulator
		{FE626319-1606-4A7B-878C-165BDEB08FC5}.Debug|ARM.Build.0 = Debug|iPhoneSimulator
		{FE626319-1606-4A7B-878C-165BDEB08FC5}.Debug|ARM.Deploy.0 = Debug|iPhoneSimulator
		{FE626319-1606-4A7B-878C-165BDEB08FC5}.Debug|iPhone.ActiveCfg = Debug|iPhone
		{FE626319-1606-4A7B-878C-165BDEB08FC5}.Debug|iPhone.Build.0 = Debug|iPhone
		{FE626319-1606-4A7B-878C-165BDEB08FC5}.Debug|iPhone.Deploy.0 = Debug|iPhone
		{FE626319-1606-4A7B-878C-165BDEB08FC5}.Debug|iPhoneSimulator.ActiveCfg = Debug|iPhoneSimulator
		{FE626319-1606-4A7B-878C-165BDEB08FC5}.Debug|iPhoneSimulator.Build.0 = Debug|iPhoneSimulator
		{FE626319-1606-4A7B-878C-165BDEB08FC5}.Debug|iPhoneSimulator.Deploy.0 = Debug|iPhoneSimulator
		{FE626319-1606-4A7B-878C-165BDEB08FC5}.Debug|x64.ActiveCfg = Debug|iPhone
		{FE626319-1606-4A7B-878C-165BDEB08FC5}.Debug|x64.Build.0 = Debug|iPhone
		{FE626319-1606-4A7B-878C-165BDEB08FC5}.Debug|x64.Deploy.0 = Debug|iPhone
		{FE626319-1606-4A7B-878C-165BDEB08FC5}.Debug|x86.ActiveCfg = Debug|iPhone
		{FE626319-1606-4A7B-878C-165BDEB08FC5}.Debug|x86.Build.0 = Debug|iPhone
		{FE626319-1606-4A7B-878C-165BDEB08FC5}.Debug|x86.Deploy.0 = Debug|iPhone
		{FE626319-1606-4A7B-878C-165BDEB08FC5}.Release|Any CPU.ActiveCfg = Release|iPhone
		{FE626319-1606-4A7B-878C-165BDEB08FC5}.Release|Any CPU.Build.0 = Release|iPhone
		{FE626319-1606-4A7B-878C-165BDEB08FC5}.Release|Any CPU.Deploy.0 = Release|iPhone
		{FE626319-1606-4A7B-878C-165BDEB08FC5}.Release|ARM.ActiveCfg = Release|iPhone
		{FE626319-1606-4A7B-878C-165BDEB08FC5}.Release|ARM.Build.0 = Release|iPhone
		{FE626319-1606-4A7B-878C-165BDEB08FC5}.Release|ARM.Deploy.0 = Release|iPhone
		{FE626319-1606-4A7B-878C-165BDEB08FC5}.Release|iPhone.ActiveCfg = Release|iPhone
		{FE626319-1606-4A7B-878C-165BDEB08FC5}.Release|iPhone.Build.0 = Release|iPhone
		{FE626319-1606-4A7B-878C-165BDEB08FC5}.Release|iPhone.Deploy.0 = Release|iPhone
		{FE626319-1606-4A7B-878C-165BDEB08FC5}.Release|iPhoneSimulator.ActiveCfg = Release|iPhoneSimulator
		{FE626319-1606-4A7B-878C-165BDEB08FC5}.Release|iPhoneSimulator.Build.0 = Release|iPhoneSimulator
		{FE626319-1606-4A7B-878C-165BDEB08FC5}.Release|iPhoneSimulator.Deploy.0 = Release|iPhoneSimulator
		{FE626319-1606-4A7B-878C-165BDEB08FC5}.Release|x64.ActiveCfg = Release|iPhone
		{FE626319-1606-4A7B-878C-165BDEB08FC5}.Release|x64.Build.0 = Release|iPhone
		{FE626319-1606-4A7B-878C-165BDEB08FC5}.Release|x64.Deploy.0 = Release|iPhone
		{FE626319-1606-4A7B-878C-165BDEB08FC5}.Release|x86.ActiveCfg = Release|iPhone
		{FE626319-1606-4A7B-878C-165BDEB08FC5}.Release|x86.Build.0 = Release|iPhone
		{FE626319-1606-4A7B-878C-165BDEB08FC5}.Release|x86.Deploy.0 = Release|iPhone
		{D337913B-267A-4912-84CB-2EFA9A2643D9}.Debug|Any CPU.ActiveCfg = Debug|Any CPU
		{D337913B-267A-4912-84CB-2EFA9A2643D9}.Debug|Any CPU.Build.0 = Debug|Any CPU
		{D337913B-267A-4912-84CB-2EFA9A2643D9}.Debug|Any CPU.Deploy.0 = Debug|Any CPU
		{D337913B-267A-4912-84CB-2EFA9A2643D9}.Debug|ARM.ActiveCfg = Debug|Any CPU
		{D337913B-267A-4912-84CB-2EFA9A2643D9}.Debug|ARM.Build.0 = Debug|Any CPU
		{D337913B-267A-4912-84CB-2EFA9A2643D9}.Debug|ARM.Deploy.0 = Debug|Any CPU
		{D337913B-267A-4912-84CB-2EFA9A2643D9}.Debug|iPhone.ActiveCfg = Debug|Any CPU
		{D337913B-267A-4912-84CB-2EFA9A2643D9}.Debug|iPhone.Build.0 = Debug|Any CPU
		{D337913B-267A-4912-84CB-2EFA9A2643D9}.Debug|iPhone.Deploy.0 = Debug|Any CPU
		{D337913B-267A-4912-84CB-2EFA9A2643D9}.Debug|iPhoneSimulator.ActiveCfg = Debug|Any CPU
		{D337913B-267A-4912-84CB-2EFA9A2643D9}.Debug|iPhoneSimulator.Build.0 = Debug|Any CPU
		{D337913B-267A-4912-84CB-2EFA9A2643D9}.Debug|iPhoneSimulator.Deploy.0 = Debug|Any CPU
		{D337913B-267A-4912-84CB-2EFA9A2643D9}.Debug|x64.ActiveCfg = Debug|Any CPU
		{D337913B-267A-4912-84CB-2EFA9A2643D9}.Debug|x64.Build.0 = Debug|Any CPU
		{D337913B-267A-4912-84CB-2EFA9A2643D9}.Debug|x64.Deploy.0 = Debug|Any CPU
		{D337913B-267A-4912-84CB-2EFA9A2643D9}.Debug|x86.ActiveCfg = Debug|Any CPU
		{D337913B-267A-4912-84CB-2EFA9A2643D9}.Debug|x86.Build.0 = Debug|Any CPU
		{D337913B-267A-4912-84CB-2EFA9A2643D9}.Debug|x86.Deploy.0 = Debug|Any CPU
		{D337913B-267A-4912-84CB-2EFA9A2643D9}.Release|Any CPU.ActiveCfg = Release|Any CPU
		{D337913B-267A-4912-84CB-2EFA9A2643D9}.Release|Any CPU.Build.0 = Release|Any CPU
		{D337913B-267A-4912-84CB-2EFA9A2643D9}.Release|Any CPU.Deploy.0 = Release|Any CPU
		{D337913B-267A-4912-84CB-2EFA9A2643D9}.Release|ARM.ActiveCfg = Release|Any CPU
		{D337913B-267A-4912-84CB-2EFA9A2643D9}.Release|ARM.Build.0 = Release|Any CPU
		{D337913B-267A-4912-84CB-2EFA9A2643D9}.Release|ARM.Deploy.0 = Release|Any CPU
		{D337913B-267A-4912-84CB-2EFA9A2643D9}.Release|iPhone.ActiveCfg = Release|Any CPU
		{D337913B-267A-4912-84CB-2EFA9A2643D9}.Release|iPhone.Build.0 = Release|Any CPU
		{D337913B-267A-4912-84CB-2EFA9A2643D9}.Release|iPhone.Deploy.0 = Release|Any CPU
		{D337913B-267A-4912-84CB-2EFA9A2643D9}.Release|iPhoneSimulator.ActiveCfg = Release|Any CPU
		{D337913B-267A-4912-84CB-2EFA9A2643D9}.Release|iPhoneSimulator.Build.0 = Release|Any CPU
		{D337913B-267A-4912-84CB-2EFA9A2643D9}.Release|iPhoneSimulator.Deploy.0 = Release|Any CPU
		{D337913B-267A-4912-84CB-2EFA9A2643D9}.Release|x64.ActiveCfg = Release|Any CPU
		{D337913B-267A-4912-84CB-2EFA9A2643D9}.Release|x64.Build.0 = Release|Any CPU
		{D337913B-267A-4912-84CB-2EFA9A2643D9}.Release|x64.Deploy.0 = Release|Any CPU
		{D337913B-267A-4912-84CB-2EFA9A2643D9}.Release|x86.ActiveCfg = Release|Any CPU
		{D337913B-267A-4912-84CB-2EFA9A2643D9}.Release|x86.Build.0 = Release|Any CPU
		{D337913B-267A-4912-84CB-2EFA9A2643D9}.Release|x86.Deploy.0 = Release|Any CPU
	EndGlobalSection
	GlobalSection(SolutionProperties) = preSolution
		HideSolutionNode = FALSE
	EndGlobalSection
	GlobalSection(ExtensibilityGlobals) = postSolution
		SolutionGuid = {4F691365-1B79-42AD-9746-2CA5EFCAE662}
	EndGlobalSection
EndGlobal
